github.com/ahmadateya/traceroute v0.0.0-20220728011426-09c3fe847894 h1:ulUxBWGNQzVSyUdkVSve8QDAaMUxF4F9Pl6WoE8oOyw=
github.com/ahmadateya/traceroute v0.0.0-20220728011426-09c3fe847894/go.mod h1:a7+2C0+7o5cs13B6jOB2hbHC6ITndM5cWwTnkrma6fw=
github.com/ahmadateya/traceroute v0.0.0-20220728012815-4a1a85bf0e29 h1:7ieOcWkP2VdTRmztILR/rVtqJVhl7XJh6qwLoBePgi8=
github.com/ahmadateya/traceroute v0.0.0-20220728012815-4a1a85bf0e29/go.mod h1:a7+2C0+7o5cs13B6jOB2hbHC6ITndM5cWwTnkrma6fw=
